{
  "name": "scripts",
  "lockfileVersion": 3,
  "requires": true,
  "packages": {
    "": {
      "dependencies": {
        "@huggingface/hub": "^0.16.0"
      }
    },
    "node_modules/@huggingface/hub": {
      "version": "0.16.0",
      "resolved": "https://registry.npmjs.org/@huggingface/hub/-/hub-0.16.0.tgz",
      "integrity": "sha512-4B/i2SLIvNTvUFF0MZlPOzWrtJ86RZ8kp4EN8RXgp7CAfSw4xQRWcYYvtjVwhp3VWPBhRpSMsLyL2aesG5uScQ==",
      "license": "MIT",
      "dependencies": {
        "@huggingface/tasks": "^0.12.8"
      },
      "engines": {
        "node": ">=18"
      }
    },
    "node_modules/@huggingface/tasks": {
      "version": "0.12.30",
      "resolved": "https://registry.npmjs.org/@huggingface/tasks/-/tasks-0.12.30.tgz",
      "integrity": "sha512-A1ITdxbEzx9L8wKR8pF7swyrTLxWNDFIGDLUWInxvks2ruQ8PLRBZe8r0EcjC3CDdtlj9jV1V4cgV35K/iy3GQ==",
      "license": "MIT"
    }
  }
}
